
Microsoft Visual Studio Solution File, Format Version 12.00
# Visual Studio Version 17
VisualStudioVersion = 17.7.34202.233
MinimumVisualStudioVersion = 10.0.40219.1
Project("{FAE04EC0-301F-11D3-BF4B-00C04F79EFBC}") = "csgo", "csgo.csproj", "{DCD2ACDC-03E2-4B89-9A49-CC5341BA01C6}"
EndProject
Global
	GlobalSection(SolutionConfigurationPlatforms) = preSolution
		Debug|Any CPU = Debug|Any CPU
		Release|Any CPU = Release|Any CPU
	EndGlobalSection
	GlobalSection(ProjectConfigurationPlatforms) = postSolution
		{DCD2ACDC-03E2-4B89-9A49-CC5341BA01C6}.Debug|Any CPU.ActiveCfg = Debug|Any CPU
		{DCD2ACDC-03E2-4B89-9A49-CC5341BA01C6}.Debug|Any CPU.Build.0 = Debug|Any CPU
		{DCD2ACDC-03E2-4B89-9A49-CC5341BA01C6}.Release|Any CPU.ActiveCfg = Release|Any CPU
		{DCD2ACDC-03E2-4B89-9A49-CC5341BA01C6}.Release|Any CPU.Build.0 = Release|Any CPU
	EndGlobalSection
	GlobalSection(SolutionProperties) = preSolution
		HideSolutionNode = FALSE
	EndGlobalSection
	GlobalSection(ExtensibilityGlobals) = postSolution
		SolutionGuid = {D0D79EC8-F962-4537-A19F-0ABD5C0D6B43}
	EndGlobalSection
EndGlobal
